
Microsoft Visual Studio Solution File, Format Version 12.00
# Visual Studio Version 17
VisualStudioVersion = 17.0.31903.59
MinimumVisualStudioVersion = 10.0.40219.1
Project("{2150E333-8FDC-42A3-9474-1A3956D46DE8}") = "src", "src", "{827E0CD3-B72D-47B6-A68D-7590B98EB39B}"
EndProject
Project("{FAE04EC0-301F-11D3-BF4B-00C04F79EFBC}") = "Lms.Domain", "src\Lms.Domain\Lms.Domain.csproj", "{81B98619-EBF3-4A3B-B14C-D75BE8DF31DE}"
EndProject
Project("{FAE04EC0-301F-11D3-BF4B-00C04F79EFBC}") = "Lms.Application", "src\Lms.Application\Lms.Application.csproj", "{ABA01CA9-AD2A-46FD-9DB0-F628CD1B275B}"
EndProject
Project("{FAE04EC0-301F-11D3-BF4B-00C04F79EFBC}") = "Lms.Infrastructure", "src\Lms.Infrastructure\Lms.Infrastructure.csproj", "{496732FE-DDF3-4374-B029-74734F99B798}"
EndProject
Project("{FAE04EC0-301F-11D3-BF4B-00C04F79EFBC}") = "Lms.Api", "src\Lms.Api\Lms.Api.csproj", "{DDB86B48-4527-4921-ABDF-64545348D92D}"
EndProject
Project("{2150E333-8FDC-42A3-9474-1A3956D46DE8}") = "tests", "tests", "{0AB3BF05-4346-4AA6-1389-037BE0695223}"
EndProject
Project("{FAE04EC0-301F-11D3-BF4B-00C04F79EFBC}") = "Lms.Domain.UnitTests", "tests\Lms.Domain.UnitTests\Lms.Domain.UnitTests.csproj", "{86F8E249-CB76-4A0D-9630-7F13F2A5D1FE}"
EndProject
Project("{FAE04EC0-301F-11D3-BF4B-00C04F79EFBC}") = "Lms.Application.UnitTests", "tests\Lms.Application.UnitTests\Lms.Application.UnitTests.csproj", "{251DF794-6FF4-4EFD-8ED3-83B8F00332B6}"
EndProject
Project("{FAE04EC0-301F-11D3-BF4B-00C04F79EFBC}") = "Lms.Architecture.Tests", "tests\Lms.Architecture.Tests\Lms.Architecture.Tests.csproj", "{9E0F78E5-23A9-4193-94B3-B149BCC66165}"
EndProject
Project("{FAE04EC0-301F-11D3-BF4B-00C04F79EFBC}") = "Lms.Api.IntegrationTests", "tests\Lms.Api.IntegrationTests\Lms.Api.IntegrationTests.csproj", "{7C5A8C67-1510-4E86-9671-7C1AFE1031F3}"
EndProject
Global
	GlobalSection(SolutionConfigurationPlatforms) = preSolution
		Debug|Any CPU = Debug|Any CPU
		Debug|x64 = Debug|x64
		Debug|x86 = Debug|x86
		Release|Any CPU = Release|Any CPU
		Release|x64 = Release|x64
		Release|x86 = Release|x86
	EndGlobalSection
	GlobalSection(ProjectConfigurationPlatforms) = postSolution
		{81B98619-EBF3-4A3B-B14C-D75BE8DF31DE}.Debug|Any CPU.ActiveCfg = Debug|Any CPU
		{81B98619-EBF3-4A3B-B14C-D75BE8DF31DE}.Debug|Any CPU.Build.0 = Debug|Any CPU
		{81B98619-EBF3-4A3B-B14C-D75BE8DF31DE}.Debug|x64.ActiveCfg = Debug|Any CPU
		{81B98619-EBF3-4A3B-B14C-D75BE8DF31DE}.Debug|x64.Build.0 = Debug|Any CPU
		{81B98619-EBF3-4A3B-B14C-D75BE8DF31DE}.Debug|x86.ActiveCfg = Debug|Any CPU
		{81B98619-EBF3-4A3B-B14C-D75BE8DF31DE}.Debug|x86.Build.0 = Debug|Any CPU
		{81B98619-EBF3-4A3B-B14C-D75BE8DF31DE}.Release|Any CPU.ActiveCfg = Release|Any CPU
		{81B98619-EBF3-4A3B-B14C-D75BE8DF31DE}.Release|Any CPU.Build.0 = Release|Any CPU
		{81B98619-EBF3-4A3B-B14C-D75BE8DF31DE}.Release|x64.ActiveCfg = Release|Any CPU
		{81B98619-EBF3-4A3B-B14C-D75BE8DF31DE}.Release|x64.Build.0 = Release|Any CPU
		{81B98619-EBF3-4A3B-B14C-D75BE8DF31DE}.Release|x86.ActiveCfg = Release|Any CPU
		{81B98619-EBF3-4A3B-B14C-D75BE8DF31DE}.Release|x86.Build.0 = Release|Any CPU
		{ABA01CA9-AD2A-46FD-9DB0-F628CD1B275B}.Debug|Any CPU.ActiveCfg = Debug|Any CPU
		{ABA01CA9-AD2A-46FD-9DB0-F628CD1B275B}.Debug|Any CPU.Build.0 = Debug|Any CPU
		{ABA01CA9-AD2A-46FD-9DB0-F628CD1B275B}.Debug|x64.ActiveCfg = Debug|Any CPU
		{ABA01CA9-AD2A-46FD-9DB0-F628CD1B275B}.Debug|x64.Build.0 = Debug|Any CPU
		{ABA01CA9-AD2A-46FD-9DB0-F628CD1B275B}.Debug|x86.ActiveCfg = Debug|Any CPU
		{ABA01CA9-AD2A-46FD-9DB0-F628CD1B275B}.Debug|x86.Build.0 = Debug|Any CPU
		{ABA01CA9-AD2A-46FD-9DB0-F628CD1B275B}.Release|Any CPU.ActiveCfg = Release|Any CPU
		{ABA01CA9-AD2A-46FD-9DB0-F628CD1B275B}.Release|Any CPU.Build.0 = Release|Any CPU
		{ABA01CA9-AD2A-46FD-9DB0-F628CD1B275B}.Release|x64.ActiveCfg = Release|Any CPU
		{ABA01CA9-AD2A-46FD-9DB0-F628CD1B275B}.Release|x64.Build.0 = Release|Any CPU
		{ABA01CA9-AD2A-46FD-9DB0-F628CD1B275B}.Release|x86.ActiveCfg = Release|Any CPU
		{ABA01CA9-AD2A-46FD-9DB0-F628CD1B275B}.Release|x86.Build.0 = Release|Any CPU
		{496732FE-DDF3-4374-B029-74734F99B798}.Debug|Any CPU.ActiveCfg = Debug|Any CPU
		{496732FE-DDF3-4374-B029-74734F99B798}.Debug|Any CPU.Build.0 = Debug|Any CPU
		{496732FE-DDF3-4374-B029-74734F99B798}.Debug|x64.ActiveCfg = Debug|Any CPU
		{496732FE-DDF3-4374-B029-74734F99B798}.Debug|x64.Build.0 = Debug|Any CPU
		{496732FE-DDF3-4374-B029-74734F99B798}.Debug|x86.ActiveCfg = Debug|Any CPU
		{496732FE-DDF3-4374-B029-74734F99B798}.Debug|x86.Build.0 = Debug|Any CPU
		{496732FE-DDF3-4374-B029-74734F99B798}.Release|Any CPU.ActiveCfg = Release|Any CPU
		{496732FE-DDF3-4374-B029-74734F99B798}.Release|Any CPU.Build.0 = Release|Any CPU
		{496732FE-DDF3-4374-B029-74734F99B798}.Release|x64.ActiveCfg = Release|Any CPU
		{496732FE-DDF3-4374-B029-74734F99B798}.Release|x64.Build.0 = Release|Any CPU
		{496732FE-DDF3-4374-B029-74734F99B798}.Release|x86.ActiveCfg = Release|Any CPU
		{496732FE-DDF3-4374-B029-74734F99B798}.Release|x86.Build.0 = Release|Any CPU
		{DDB86B48-4527-4921-ABDF-64545348D92D}.Debug|Any CPU.ActiveCfg = Debug|Any CPU
		{DDB86B48-4527-4921-ABDF-64545348D92D}.Debug|Any CPU.Build.0 = Debug|Any CPU
		{DDB86B48-4527-4921-ABDF-64545348D92D}.Debug|x64.ActiveCfg = Debug|Any CPU
		{DDB86B48-4527-4921-ABDF-64545348D92D}.Debug|x64.Build.0 = Debug|Any CPU
		{DDB86B48-4527-4921-ABDF-64545348D92D}.Debug|x86.ActiveCfg = Debug|Any CPU
		{DDB86B48-4527-4921-ABDF-64545348D92D}.Debug|x86.Build.0 = Debug|Any CPU
		{DDB86B48-4527-4921-ABDF-64545348D92D}.Release|Any CPU.ActiveCfg = Release|Any CPU
		{DDB86B48-4527-4921-ABDF-64545348D92D}.Release|Any CPU.Build.0 = Release|Any CPU
		{DDB86B48-4527-4921-ABDF-64545348D92D}.Release|x64.ActiveCfg = Release|Any CPU
		{DDB86B48-4527-4921-ABDF-64545348D92D}.Release|x64.Build.0 = Release|Any CPU
		{DDB86B48-4527-4921-ABDF-64545348D92D}.Release|x86.ActiveCfg = Release|Any CPU
		{DDB86B48-4527-4921-ABDF-64545348D92D}.Release|x86.Build.0 = Release|Any CPU
		{86F8E249-CB76-4A0D-9630-7F13F2A5D1FE}.Debug|Any CPU.ActiveCfg = Debug|Any CPU
		{86F8E249-CB76-4A0D-9630-7F13F2A5D1FE}.Debug|Any CPU.Build.0 = Debug|Any CPU
		{86F8E249-CB76-4A0D-9630-7F13F2A5D1FE}.Debug|x64.ActiveCfg = Debug|Any CPU
		{86F8E249-CB76-4A0D-9630-7F13F2A5D1FE}.Debug|x64.Build.0 = Debug|Any CPU
		{86F8E249-CB76-4A0D-9630-7F13F2A5D1FE}.Debug|x86.ActiveCfg = Debug|Any CPU
		{86F8E249-CB76-4A0D-9630-7F13F2A5D1FE}.Debug|x86.Build.0 = Debug|Any CPU
		{86F8E249-CB76-4A0D-9630-7F13F2A5D1FE}.Release|Any CPU.ActiveCfg = Release|Any CPU
		{86F8E249-CB76-4A0D-9630-7F13F2A5D1FE}.Release|Any CPU.Build.0 = Release|Any CPU
		{86F8E249-CB76-4A0D-9630-7F13F2A5D1FE}.Release|x64.ActiveCfg = Release|Any CPU
		{86F8E249-CB76-4A0D-9630-7F13F2A5D1FE}.Release|x64.Build.0 = Release|Any CPU
		{86F8E249-CB76-4A0D-9630-7F13F2A5D1FE}.Release|x86.ActiveCfg = Release|Any CPU
		{86F8E249-CB76-4A0D-9630-7F13F2A5D1FE}.Release|x86.Build.0 = Release|Any CPU
		{251DF794-6FF4-4EFD-8ED3-83B8F00332B6}.Debug|Any CPU.ActiveCfg = Debug|Any CPU
		{251DF794-6FF4-4EFD-8ED3-83B8F00332B6}.Debug|Any CPU.Build.0 = Debug|Any CPU
		{251DF794-6FF4-4EFD-8ED3-83B8F00332B6}.Debug|x64.ActiveCfg = Debug|Any CPU
		{251DF794-6FF4-4EFD-8ED3-83B8F00332B6}.Debug|x64.Build.0 = Debug|Any CPU
		{251DF794-6FF4-4EFD-8ED3-83B8F00332B6}.Debug|x86.ActiveCfg = Debug|Any CPU
		{251DF794-6FF4-4EFD-8ED3-83B8F00332B6}.Debug|x86.Build.0 = Debug|Any CPU
		{251DF794-6FF4-4EFD-8ED3-83B8F00332B6}.Release|Any CPU.ActiveCfg = Release|Any CPU
		{251DF794-6FF4-4EFD-8ED3-83B8F00332B6}.Release|Any CPU.Build.0 = Release|Any CPU
		{251DF794-6FF4-4EFD-8ED3-83B8F00332B6}.Release|x64.ActiveCfg = Release|Any CPU
		{251DF794-6FF4-4EFD-8ED3-83B8F00332B6}.Release|x64.Build.0 = Release|Any CPU
		{251DF794-6FF4-4EFD-8ED3-83B8F00332B6}.Release|x86.ActiveCfg = Release|Any CPU
		{251DF794-6FF4-4EFD-8ED3-83B8F00332B6}.Release|x86.Build.0 = Release|Any CPU
		{9E0F78E5-23A9-4193-94B3-B149BCC66165}.Debug|Any CPU.ActiveCfg = Debug|Any CPU
		{9E0F78E5-23A9-4193-94B3-B149BCC66165}.Debug|Any CPU.Build.0 = Debug|Any CPU
		{9E0F78E5-23A9-4193-94B3-B149BCC66165}.Debug|x64.ActiveCfg = Debug|Any CPU
		{9E0F78E5-23A9-4193-94B3-B149BCC66165}.Debug|x64.Build.0 = Debug|Any CPU
		{9E0F78E5-23A9-4193-94B3-B149BCC66165}.Debug|x86.ActiveCfg = Debug|Any CPU
		{9E0F78E5-23A9-4193-94B3-B149BCC66165}.Debug|x86.Build.0 = Debug|Any CPU
		{9E0F78E5-23A9-4193-94B3-B149BCC66165}.Release|Any CPU.ActiveCfg = Release|Any CPU
		{9E0F78E5-23A9-4193-94B3-B149BCC66165}.Release|Any CPU.Build.0 = Release|Any CPU
		{9E0F78E5-23A9-4193-94B3-B149BCC66165}.Release|x64.ActiveCfg = Release|Any CPU
		{9E0F78E5-23A9-4193-94B3-B149BCC66165}.Release|x64.Build.0 = Release|Any CPU
		{9E0F78E5-23A9-4193-94B3-B149BCC66165}.Release|x86.ActiveCfg = Release|Any CPU
		{9E0F78E5-23A9-4193-94B3-B149BCC66165}.Release|x86.Build.0 = Release|Any CPU
		{7C5A8C67-1510-4E86-9671-7C1AFE1031F3}.Debug|Any CPU.ActiveCfg = Debug|Any CPU
		{7C5A8C67-1510-4E86-9671-7C1AFE1031F3}.Debug|Any CPU.Build.0 = Debug|Any CPU
		{7C5A8C67-1510-4E86-9671-7C1AFE1031F3}.Debug|x64.ActiveCfg = Debug|Any CPU
		{7C5A8C67-1510-4E86-9671-7C1AFE1031F3}.Debug|x64.Build.0 = Debug|Any CPU
		{7C5A8C67-1510-4E86-9671-7C1AFE1031F3}.Debug|x86.ActiveCfg = Debug|Any CPU
		{7C5A8C67-1510-4E86-9671-7C1AFE1031F3}.Debug|x86.Build.0 = Debug|Any CPU
		{7C5A8C67-1510-4E86-9671-7C1AFE1031F3}.Release|Any CPU.ActiveCfg = Release|Any CPU
		{7C5A8C67-1510-4E86-9671-7C1AFE1031F3}.Release|Any CPU.Build.0 = Release|Any CPU
		{7C5A8C67-1510-4E86-9671-7C1AFE1031F3}.Release|x64.ActiveCfg = Release|Any CPU
		{7C5A8C67-1510-4E86-9671-7C1AFE1031F3}.Release|x64.Build.0 = Release|Any CPU
		{7C5A8C67-1510-4E86-9671-7C1AFE1031F3}.Release|x86.ActiveCfg = Release|Any CPU
		{7C5A8C67-1510-4E86-9671-7C1AFE1031F3}.Release|x86.Build.0 = Release|Any CPU
	EndGlobalSection
	GlobalSection(SolutionProperties) = preSolution
		HideSolutionNode = FALSE
	EndGlobalSection
	GlobalSection(NestedProjects) = preSolution
		{81B98619-EBF3-4A3B-B14C-D75BE8DF31DE} = {827E0CD3-B72D-47B6-A68D-7590B98EB39B}
		{ABA01CA9-AD2A-46FD-9DB0-F628CD1B275B} = {827E0CD3-B72D-47B6-A68D-7590B98EB39B}
		{496732FE-DDF3-4374-B029-74734F99B798} = {827E0CD3-B72D-47B6-A68D-7590B98EB39B}
		{DDB86B48-4527-4921-ABDF-64545348D92D} = {827E0CD3-B72D-47B6-A68D-7590B98EB39B}
		{86F8E249-CB76-4A0D-9630-7F13F2A5D1FE} = {0AB3BF05-4346-4AA6-1389-037BE0695223}
		{251DF794-6FF4-4EFD-8ED3-83B8F00332B6} = {0AB3BF05-4346-4AA6-1389-037BE0695223}
		{9E0F78E5-23A9-4193-94B3-B149BCC66165} = {0AB3BF05-4346-4AA6-1389-037BE0695223}
		{7C5A8C67-1510-4E86-9671-7C1AFE1031F3} = {0AB3BF05-4346-4AA6-1389-037BE0695223}
	EndGlobalSection
EndGlobal
